// !$*UTF8*$!
{
	archiveVersion = 1;
	classes = {
	};
	objectVersion = 46;
	objects = {

/* Begin PBXBuildFile section */
		8077DB972ED6264D9EC78171 /* libPods.a in Frameworks */ = {isa = PBXBuildFile; fileRef = 6CC88268E056645826A36B1D /* libPods.a */; };
		FA4F388919D7D84F00C4545C /* MovieDetailsViewController.swift in Sources */ = {isa = PBXBuildFile; fileRef = FA4F388819D7D84F00C4545C /* MovieDetailsViewController.swift */; };
		FA7B64AA19D3D2DC00B80B13 /* AppDelegate.swift in Sources */ = {isa = PBXBuildFile; fileRef = FA7B64A919D3D2DC00B80B13 /* AppDelegate.swift */; };
		FA7B64AF19D3D2DC00B80B13 /* Main.storyboard in Resources */ = {isa = PBXBuildFile; fileRef = FA7B64AD19D3D2DC00B80B13 /* Main.storyboard */; };
		FA7B64B119D3D2DC00B80B13 /* Images.xcassets in Resources */ = {isa = PBXBuildFile; fileRef = FA7B64B019D3D2DC00B80B13 /* Images.xcassets */; };
		FA7B64B419D3D2DC00B80B13 /* LaunchScreen.xib in Resources */ = {isa = PBXBuildFile; fileRef = FA7B64B219D3D2DC00B80B13 /* LaunchScreen.xib */; };
		FA7B64C019D3D2DC00B80B13 /* Rotten_TomatoesTests.swift in Sources */ = {isa = PBXBuildFile; fileRef = FA7B64BF19D3D2DC00B80B13 /* Rotten_TomatoesTests.swift */; };
		FA7B64CA19D3D4EA00B80B13 /* MoviesViewController.swift in Sources */ = {isa = PBXBuildFile; fileRef = FA7B64C919D3D4EA00B80B13 /* MoviesViewController.swift */; };
		FA7B64CC19D445A400B80B13 /* MovieCell.swift in Sources */ = {isa = PBXBuildFile; fileRef = FA7B64CB19D445A400B80B13 /* MovieCell.swift */; };
/* End PBXBuildFile section */

/* Begin PBXContainerItemProxy section */
		FA7B64BA19D3D2DC00B80B13 /* PBXContainerItemProxy */ = {
			isa = PBXContainerItemProxy;
			containerPortal = FA7B649C19D3D2DC00B80B13 /* Project object */;
			proxyType = 1;
			remoteGlobalIDString = FA7B64A319D3D2DC00B80B13;
			remoteInfo = "Rotten Tomatoes";
		};
/* End PBXContainerItemProxy section */

/* Begin PBXFileReference section */
		6CC88268E056645826A36B1D /* libPods.a */ = {isa = PBXFileReference; explicitFileType = archive.ar; includeInIndex = 0; path = libPods.a; sourceTree = BUILT_PRODUCTS_DIR; };
		9C623DABC1357CB2E0D46F3C /* Pods.debug.xcconfig */ = {isa = PBXFileReference; includeInIndex = 1; lastKnownFileType = text.xcconfig; name = Pods.debug.xcconfig; path = "Pods/Target Support Files/Pods/Pods.debug.xcconfig"; sourceTree = "<group>"; };
		CF51EC7DADC6D47005A6E8CA /* Pods.release.xcconfig */ = {isa = PBXFileReference; includeInIndex = 1; lastKnownFileType = text.xcconfig; name = Pods.release.xcconfig; path = "Pods/Target Support Files/Pods/Pods.release.xcconfig"; sourceTree = "<group>"; };
		FA4F388519D7B67500C4545C /* Rotten Tomatoes-Bridging-Header.h */ = {isa = PBXFileReference; lastKnownFileType = sourcecode.c.h; path = "Rotten Tomatoes-Bridging-Header.h"; sourceTree = "<group>"; };
		FA4F388819D7D84F00C4545C /* MovieDetailsViewController.swift */ = {isa = PBXFileReference; fileEncoding = 4; lastKnownFileType = sourcecode.swift; path = MovieDetailsViewController.swift; sourceTree = "<group>"; };
		FA7B64A419D3D2DC00B80B13 /* Rotten Tomatoes.app */ = {isa = PBXFileReference; explicitFileType = wrapper.application; includeInIndex = 0; path = "Rotten Tomatoes.app"; sourceTree = BUILT_PRODUCTS_DIR; };
		FA7B64A819D3D2DC00B80B13 /* Info.plist */ = {isa = PBXFileReference; lastKnownFileType = text.plist.xml; path = Info.plist; sourceTree = "<group>"; };
		FA7B64A919D3D2DC00B80B13 /* AppDelegate.swift */ = {isa = PBXFileReference; lastKnownFileType = sourcecode.swift; path = AppDelegate.swift; sourceTree = "<group>"; };
		FA7B64AE19D3D2DC00B80B13 /* Base */ = {isa = PBXFileReference; lastKnownFileType = file.storyboard; name = Base; path = Base.lproj/Main.storyboard; sourceTree = "<group>"; };
		FA7B64B019D3D2DC00B80B13 /* Images.xcassets */ = {isa = PBXFileReference; lastKnownFileType = folder.assetcatalog; path = Images.xcassets; sourceTree = "<group>"; };
		FA7B64B319D3D2DC00B80B13 /* Base */ = {isa = PBXFileReference; lastKnownFileType = file.xib; name = Base; path = Base.lproj/LaunchScreen.xib; sourceTree = "<group>"; };
		FA7B64B919D3D2DC00B80B13 /* Rotten TomatoesTests.xctest */ = {isa = PBXFileReference; explicitFileType = wrapper.cfbundle; includeInIndex = 0; path = "Rotten TomatoesTests.xctest"; sourceTree = BUILT_PRODUCTS_DIR; };
		FA7B64BE19D3D2DC00B80B13 /* Info.plist */ = {isa = PBXFileReference; lastKnownFileType = text.plist.xml; path = Info.plist; sourceTree = "<group>"; };
		FA7B64BF19D3D2DC00B80B13 /* Rotten_TomatoesTests.swift */ = {isa = PBXFileReference; lastKnownFileType = sourcecode.swift; path = Rotten_TomatoesTests.swift; sourceTree = "<group>"; };
		FA7B64C919D3D4EA00B80B13 /* MoviesViewController.swift */ = {isa = PBXFileReference; fileEncoding = 4; lastKnownFileType = sourcecode.swift; path = MoviesViewController.swift; sourceTree = "<group>"; };
		FA7B64CB19D445A400B80B13 /* MovieCell.swift */ = {isa = PBXFileReference; fileEncoding = 4; lastKnownFileType = sourcecode.swift; path = MovieCell.swift; sourceTree = "<group>"; };
/* End PBXFileReference section */

/* Begin PBXFrameworksBuildPhase section */
		FA7B64A119D3D2DC00B80B13 /* Frameworks */ = {
			isa = PBXFrameworksBuildPhase;
			buildActionMask = 2147483647;
			files = (
				8077DB972ED6264D9EC78171 /* libPods.a in Frameworks */,
			);
			runOnlyForDeploymentPostprocessing = 0;
		};
		FA7B64B619D3D2DC00B80B13 /* Frameworks */ = {
			isa = PBXFrameworksBuildPhase;
			buildActionMask = 2147483647;
			files = (
			);
			runOnlyForDeploymentPostprocessing = 0;
		};
/* End PBXFrameworksBuildPhase section */

/* Begin PBXGroup section */
		372A8E32D769DC4BDBD6D841 /* Pods */ = {
			isa = PBXGroup;
			children = (
				9C623DABC1357CB2E0D46F3C /* Pods.debug.xcconfig */,
				CF51EC7DADC6D47005A6E8CA /* Pods.release.xcconfig */,
			);
			name = Pods;
			sourceTree = "<group>";
		};
		647D9884A2F4323918783093 /* Frameworks */ = {
			isa = PBXGroup;
			children = (
				6CC88268E056645826A36B1D /* libPods.a */,
			);
			name = Frameworks;
			sourceTree = "<group>";
		};
		FA7B649B19D3D2DC00B80B13 = {
			isa = PBXGroup;
			children = (
				FA7B64A619D3D2DC00B80B13 /* Rotten Tomatoes */,
				FA7B64BC19D3D2DC00B80B13 /* Rotten TomatoesTests */,
				FA7B64A519D3D2DC00B80B13 /* Products */,
				372A8E32D769DC4BDBD6D841 /* Pods */,
				647D9884A2F4323918783093 /* Frameworks */,
			);
			sourceTree = "<group>";
		};
		FA7B64A519D3D2DC00B80B13 /* Products */ = {
			isa = PBXGroup;
			children = (
				FA7B64A419D3D2DC00B80B13 /* Rotten Tomatoes.app */,
				FA7B64B919D3D2DC00B80B13 /* Rotten TomatoesTests.xctest */,
			);
			name = Products;
			sourceTree = "<group>";
		};
		FA7B64A619D3D2DC00B80B13 /* Rotten Tomatoes */ = {
			isa = PBXGroup;
			children = (
				FA7B64C919D3D4EA00B80B13 /* MoviesViewController.swift */,
				FA4F388819D7D84F00C4545C /* MovieDetailsViewController.swift */,
				FA7B64CB19D445A400B80B13 /* MovieCell.swift */,
				FA7B64A919D3D2DC00B80B13 /* AppDelegate.swift */,
				FA7B64AD19D3D2DC00B80B13 /* Main.storyboard */,
				FA7B64B019D3D2DC00B80B13 /* Images.xcassets */,
				FA7B64B219D3D2DC00B80B13 /* LaunchScreen.xib */,
				FA7B64A719D3D2DC00B80B13 /* Supporting Files */,
				FA4F388519D7B67500C4545C /* Rotten Tomatoes-Bridging-Header.h */,
			);
			path = "Rotten Tomatoes";
			sourceTree = "<group>";
		};
		FA7B64A719D3D2DC00B80B13 /* Supporting Files */ = {
			isa = PBXGroup;
			children = (
				FA7B64A819D3D2DC00B80B13 /* Info.plist */,
			);
			name = "Supporting Files";
			sourceTree = "<group>";
		};
		FA7B64BC19D3D2DC00B80B13 /* Rotten TomatoesTests */ = {
			isa = PBXGroup;
			children = (
				FA7B64BF19D3D2DC00B80B13 /* Rotten_TomatoesTests.swift */,
				FA7B64BD19D3D2DC00B80B13 /* Supporting Files */,
			);
			path = "Rotten TomatoesTests";
			sourceTree = "<group>";
		};
		FA7B64BD19D3D2DC00B80B13 /* Supporting Files */ = {
			isa = PBXGroup;
			children = (
				FA7B64BE19D3D2DC00B80B13 /* Info.plist */,
			);
			name = "Supporting Files";
			sourceTree = "<group>";
		};
/* End PBXGroup section */

/* Begin PBXNativeTarget section */
		FA7B64A319D3D2DC00B80B13 /* Rotten Tomatoes */ = {
			isa = PBXNativeTarget;
			buildConfigurationList = FA7B64C319D3D2DC00B80B13 /* Build configuration list for PBXNativeTarget "Rotten Tomatoes" */;
			buildPhases = (
				54737D688ED5F329EEFD8CE4 /* Check Pods Manifest.lock */,
				FA7B64A019D3D2DC00B80B13 /* Sources */,
				FA7B64A119D3D2DC00B80B13 /* Frameworks */,
				FA7B64A219D3D2DC00B80B13 /* Resources */,
				DA38FDC27F8BF5AA04C74B1D /* Copy Pods Resources */,
			);
			buildRules = (
			);
			dependencies = (
			);
			name = "Rotten Tomatoes";
			productName = "Rotten Tomatoes";
			productReference = FA7B64A419D3D2DC00B80B13 /* Rotten Tomatoes.app */;
			productType = "com.apple.product-type.application";
		};
		FA7B64B819D3D2DC00B80B13 /* Rotten TomatoesTests */ = {
			isa = PBXNativeTarget;
			buildConfigurationList = FA7B64C619D3D2DC00B80B13 /* Build configuration list for PBXNativeTarget "Rotten TomatoesTests" */;
			buildPhases = (
				FA7B64B519D3D2DC00B80B13 /* Sources */,
				FA7B64B619D3D2DC00B80B13 /* Frameworks */,
				FA7B64B719D3D2DC00B80B13 /* Resources */,
			);
			buildRules = (
			);
			dependencies = (
				FA7B64BB19D3D2DC00B80B13 /* PBXTargetDependency */,
			);
			name = "Rotten TomatoesTests";
			productName = "Rotten TomatoesTests";
			productReference = FA7B64B919D3D2DC00B80B13 /* Rotten TomatoesTests.xctest */;
			productType = "com.apple.product-type.bundle.unit-test";
		};
/* End PBXNativeTarget section */

/* Begin PBXProject section */
		FA7B649C19D3D2DC00B80B13 /* Project object */ = {
			isa = PBXProject;
			attributes = {
				LastUpgradeCheck = 0600;
				ORGANIZATIONNAME = Ha;
				TargetAttributes = {
					FA7B64A319D3D2DC00B80B13 = {
						CreatedOnToolsVersion = 6.0.1;
					};
					FA7B64B819D3D2DC00B80B13 = {
						CreatedOnToolsVersion = 6.0.1;
						TestTargetID = FA7B64A319D3D2DC00B80B13;
					};
				};
			};
			buildConfigurationList = FA7B649F19D3D2DC00B80B13 /* Build configuration list for PBXProject "Rotten Tomatoes" */;
			compatibilityVersion = "Xcode 3.2";
			developmentRegion = English;
			hasScannedForEncodings = 0;
			knownRegions = (
				en,
				Base,
			);
			mainGroup = FA7B649B19D3D2DC00B80B13;
			productRefGroup = FA7B64A519D3D2DC00B80B13 /* Products */;
			projectDirPath = "";
			projectRoot = "";
			targets = (
				FA7B64A319D3D2DC00B80B13 /* Rotten Tomatoes */,
				FA7B64B819D3D2DC00B80B13 /* Rotten TomatoesTests */,
			);
		};
/* End PBXProject section */

/* Begin PBXResourcesBuildPhase section */
		FA7B64A219D3D2DC00B80B13 /* Resources */ = {
			isa = PBXResourcesBuildPhase;
			buildActionMask = 2147483647;
			files = (
				FA7B64AF19D3D2DC00B80B13 /* Main.storyboard in Resources */,
				FA7B64B419D3D2DC00B80B13 /* LaunchScreen.xib in Resources */,
				FA7B64B119D3D2DC00B80B13 /* Images.xcassets in Resources */,
			);
			runOnlyForDeploymentPostprocessing = 0;
		};
		FA7B64B719D3D2DC00B80B13 /* Resources */ = {
			isa = PBXResourcesBuildPhase;
			buildActionMask = 2147483647;
			files = (
			);
			runOnlyForDeploymentPostprocessing = 0;
		};
/* End PBXResourcesBuildPhase section */

/* Begin PBXShellScriptBuildPhase section */
		54737D688ED5F329EEFD8CE4 /* Check Pods Manifest.lock */ = {
			isa = PBXShellScriptBuildPhase;
			buildActionMask = 2147483647;
			files = (
			);
			inputPaths = (
			);
			name = "Check Pods Manifest.lock";
			outputPaths = (
			);
			runOnlyForDeploymentPostprocessing = 0;
			shellPath = /bin/sh;
			shellScript = "diff \"${PODS_ROOT}/../Podfile.lock\" \"${PODS_ROOT}/Manifest.lock\" > /dev/null\nif [[ $? != 0 ]] ; then\n    cat << EOM\nerror: The sandbox is not in sync with the Podfile.lock. Run 'pod install' or update your CocoaPods installation.\nEOM\n    exit 1\nfi\n";
			showEnvVarsInLog = 0;
		};
		DA38FDC27F8BF5AA04C74B1D /* Copy Pods Resources */ = {
			isa = PBXShellScriptBuildPhase;
			buildActionMask = 2147483647;
			files = (
			);
			inputPaths = (
			);
			name = "Copy Pods Resources";
			outputPaths = (
			);
			runOnlyForDeploymentPostprocessing = 0;
			shellPath = /bin/sh;
			shellScript = "\"${SRCROOT}/Pods/Target Support Files/Pods/Pods-resources.sh\"\n";
			showEnvVarsInLog = 0;
		};
/* End PBXShellScriptBuildPhase section */

/* Begin PBXSourcesBuildPhase section */
		FA7B64A019D3D2DC00B80B13 /* Sources */ = {
			isa = PBXSourcesBuildPhase;
			buildActionMask = 2147483647;
			files = (
				FA4F388919D7D84F00C4545C /* MovieDetailsViewController.swift in Sources */,
				FA7B64AA19D3D2DC00B80B13 /* AppDelegate.swift in Sources */,
				FA7B64CA19D3D4EA00B80B13 /* MoviesViewController.swift in Sources */,
				FA7B64CC19D445A400B80B13 /* MovieCell.swift in Sources */,
			);
			runOnlyForDeploymentPostprocessing = 0;
		};
		FA7B64B519D3D2DC00B80B13 /* Sources */ = {
			isa = PBXSourcesBuildPhase;
			buildActionMask = 2147483647;
			files = (
				FA7B64C019D3D2DC00B80B13 /* Rotten_TomatoesTests.swift in Sources */,
			);
			runOnlyForDeploymentPostprocessing = 0;
		};
/* End PBXSourcesBuildPhase section */

/* Begin PBXTargetDependency section */
		FA7B64BB19D3D2DC00B80B13 /* PBXTargetDependency */ = {
			isa = PBXTargetDependency;
			target = FA7B64A319D3D2DC00B80B13 /* Rotten Tomatoes */;
			targetProxy = FA7B64BA19D3D2DC00B80B13 /* PBXContainerItemProxy */;
		};
/* End PBXTargetDependency section */

/* Begin PBXVariantGroup section */
		FA7B64AD19D3D2DC00B80B13 /* Main.storyboard */ = {
			isa = PBXVariantGroup;
			children = (
				FA7B64AE19D3D2DC00B80B13 /* Base */,
			);
			name = Main.storyboard;
			sourceTree = "<group>";
		};
		FA7B64B219D3D2DC00B80B13 /* LaunchScreen.xib */ = {
			isa = PBXVariantGroup;
			children = (
				FA7B64B319D3D2DC00B80B13 /* Base */,
			);
			name = LaunchScreen.xib;
			sourceTree = "<group>";
		};
/* End PBXVariantGroup section */

/* Begin XCBuildConfiguration section */
		FA7B64C119D3D2DC00B80B13 /* Debug */ = {
			isa = XCBuildConfiguration;
			buildSettings = {
				ALWAYS_SEARCH_USER_PATHS = NO;
				CLANG_CXX_LANGUAGE_STANDARD = "gnu++0x";
				CLANG_CXX_LIBRARY = "libc++";
				CLANG_ENABLE_MODULES = YES;
				CLANG_ENABLE_OBJC_ARC = YES;
				CLANG_WARN_BOOL_CONVERSION = YES;
				CLANG_WARN_CONSTANT_CONVERSION = YES;
				CLANG_WARN_DIRECT_OBJC_ISA_USAGE = YES_ERROR;
				CLANG_WARN_EMPTY_BODY = YES;
				CLANG_WARN_ENUM_CONVERSION = YES;
				CLANG_WARN_INT_CONVERSION = YES;
				CLANG_WARN_OBJC_ROOT_CLASS = YES_ERROR;
				CLANG_WARN_UNREACHABLE_CODE = YES;
				CLANG_WARN__DUPLICATE_METHOD_MATCH = YES;
				"CODE_SIGN_IDENTITY[sdk=iphoneos*]" = "iPhone Developer";
				COPY_PHASE_STRIP = NO;
				ENABLE_STRICT_OBJC_MSGSEND = YES;
				GCC_C_LANGUAGE_STANDARD = gnu99;
				GCC_DYNAMIC_NO_PIC = NO;
				GCC_OPTIMIZATION_LEVEL = 0;
				GCC_PREPROCESSOR_DEFINITIONS = (
					"DEBUG=1",
					"$(inherited)",
				);
				GCC_SYMBOLS_PRIVATE_EXTERN = NO;
				GCC_WARN_64_TO_32_BIT_CONVERSION = YES;
				GCC_WARN_ABOUT_RETURN_TYPE = YES_ERROR;
				GCC_WARN_UNDECLARED_SELECTOR = YES;
				GCC_WARN_UNINITIALIZED_AUTOS = YES_AGGRESSIVE;
				GCC_WARN_UNUSED_FUNCTION = YES;
				GCC_WARN_UNUSED_VARIABLE = YES;
				IPHONEOS_DEPLOYMENT_TARGET = 8.0;
				MTL_ENABLE_DEBUG_INFO = YES;
				ONLY_ACTIVE_ARCH = YES;
				SDKROOT = iphoneos;
				SWIFT_OPTIMIZATION_LEVEL = "-Onone";
			};
			name = Debug;
		};
		FA7B64C219D3D2DC00B80B13 /* Release */ = {
			isa = XCBuildConfiguration;
			buildSettings = {
				ALWAYS_SEARCH_USER_PATHS = NO;
				CLANG_CXX_LANGUAGE_STANDARD = "gnu++0x";
				CLANG_CXX_LIBRARY = "libc++";
				CLANG_ENABLE_MODULES = YES;
				CLANG_ENABLE_OBJC_ARC = YES;
				CLANG_WARN_BOOL_CONVERSION = YES;
				CLANG_WARN_CONSTANT_CONVERSION = YES;
				CLANG_WARN_DIRECT_OBJC_ISA_USAGE = YES_ERROR;
				CLANG_WARN_EMPTY_BODY = YES;
				CLANG_WARN_ENUM_CONVERSION = YES;
				CLANG_WARN_INT_CONVERSION = YES;
				CLANG_WARN_OBJC_ROOT_CLASS = YES_ERROR;
				CLANG_WARN_UNREACHABLE_CODE = YES;
				CLANG_WARN__DUPLICATE_METHOD_MATCH = YES;
				"CODE_SIGN_IDENTITY[sdk=iphoneos*]" = "iPhone Developer";
				COPY_PHASE_STRIP = YES;
				ENABLE_NS_ASSERTIONS = NO;
				ENABLE_STRICT_OBJC_MSGSEND = YES;
				GCC_C_LANGUAGE_STANDARD = gnu99;
				GCC_WARN_64_TO_32_BIT_CONVERSION = YES;
				GCC_WARN_ABOUT_RETURN_TYPE = YES_ERROR;
				GCC_WARN_UNDECLARED_SELECTOR = YES;
				GCC_WARN_UNINITIALIZED_AUTOS = YES_AGGRESSIVE;
				GCC_WARN_UNUSED_FUNCTION = YES;
				GCC_WARN_UNUSED_VARIABLE = YES;
				IPHONEOS_DEPLOYMENT_TARGET = 8.0;
				MTL_ENABLE_DEBUG_INFO = NO;
				SDKROOT = iphoneos;
				VALIDATE_PRODUCT = YES;
			};
			name = Release;
		};
		FA7B64C419D3D2DC00B80B13 /* Debug */ = {
			isa = XCBuildConfiguration;
			baseConfigurationReference = 9C623DABC1357CB2E0D46F3C /* Pods.debug.xcconfig */;
			buildSettings = {
				ASSETCATALOG_COMPILER_APPICON_NAME = AppIcon;
				CLANG_ENABLE_MODULES = YES;
				INFOPLIST_FILE = "Rotten Tomatoes/Info.plist";
				LD_RUNPATH_SEARCH_PATHS = "$(inherited) @executable_path/Frameworks";
				PRODUCT_NAME = "$(TARGET_NAME)";
				SWIFT_OBJC_BRIDGING_HEADER = "Rotten Tomatoes/Rotten Tomatoes-Bridging-Header.h";
				SWIFT_OPTIMIZATION_LEVEL = "-Onone";
			};
			name = Debug;
		};
		FA7B64C519D3D2DC00B80B13 /* Release */ = {
			isa = XCBuildConfiguration;
			baseConfigurationReference = CF51EC7DADC6D47005A6E8CA /* Pods.release.xcconfig */;
			buildSettings = {
				ASSETCATALOG_COMPILER_APPICON_NAME = AppIcon;
				CLANG_ENABLE_MODULES = YES;
				INFOPLIST_FILE = "Rotten Tomatoes/Info.plist";
				LD_RUNPATH_SEARCH_PATHS = "$(inherited) @executable_path/Frameworks";
				PRODUCT_NAME = "$(TARGET_NAME)";
				SWIFT_OBJC_BRIDGING_HEADER = "Rotten Tomatoes/Rotten Tomatoes-Bridging-Header.h";
			};
			name = Release;
		};
		FA7B64C719D3D2DC00B80B13 /* Debug */ = {
			isa = XCBuildConfiguration;
			buildSettings = {
				BUNDLE_LOADER = "$(TEST_HOST)";
				FRAMEWORK_SEARCH_PATHS = (
					"$(SDKROOT)/Developer/Library/Frameworks",
					"$(inherited)",
				);
				GCC_PREPROCESSOR_DEFINITIONS = (
					"DEBUG=1",
					"$(inherited)",
				);
				INFOPLIST_FILE = "Rotten TomatoesTests/Info.plist";
				LD_RUNPATH_SEARCH_PATHS = "$(inherited) @executable_path/Frameworks @loader_path/Frameworks";
				PRODUCT_NAME = "$(TARGET_NAME)";
				TEST_HOST = "$(BUILT_PRODUCTS_DIR)/Rotten Tomatoes.app/Rotten Tomatoes";
			};
			name = Debug;
		};
		FA7B64C819D3D2DC00B80B13 /* Release */ = {
			isa = XCBuildConfiguration;
			buildSettings = {
				BUNDLE_LOADER = "$(TEST_HOST)";
				FRAMEWORK_SEARCH_PATHS = (
					"$(SDKROOT)/Developer/Library/Frameworks",
					"$(inherited)",
				);
				INFOPLIST_FILE = "Rotten TomatoesTests/Info.plist";
				LD_RUNPATH_SEARCH_PATHS = "$(inherited) @executable_path/Frameworks @loader_path/Frameworks";
				PRODUCT_NAME = "$(TARGET_NAME)";
				TEST_HOST = "$(BUILT_PRODUCTS_DIR)/Rotten Tomatoes.app/Rotten Tomatoes";
			};
			name = Release;
		};
/* End XCBuildConfiguration section */

/* Begin XCConfigurationList section */
		FA7B649F19D3D2DC00B80B13 /* Build configuration list for PBXProject "Rotten Tomatoes" */ = {
			isa = XCConfigurationList;
			buildConfigurations = (
				FA7B64C119D3D2DC00B80B13 /* Debug */,
				FA7B64C219D3D2DC00B80B13 /* Release */,
			);
			defaultConfigurationIsVisible = 0;
			defaultConfigurationName = Release;
		};
		FA7B64C319D3D2DC00B80B13 /* Build configuration list for PBXNativeTarget "Rotten Tomatoes" */ = {
			isa = XCConfigurationList;
			buildConfigurations = (
				FA7B64C419D3D2DC00B80B13 /* Debug */,
				FA7B64C519D3D2DC00B80B13 /* Release */,
			);
			defaultConfigurationIsVisible = 0;
			defaultConfigurationName = Release;
		};
		FA7B64C619D3D2DC00B80B13 /* Build configuration list for PBXNativeTarget "Rotten TomatoesTests" */ = {
			isa = XCConfigurationList;
			buildConfigurations = (
				FA7B64C719D3D2DC00B80B13 /* Debug */,
				FA7B64C819D3D2DC00B80B13 /* Release */,
			);
			defaultConfigurationIsVisible = 0;
			defaultConfigurationName = Release;
		};
/* End XCConfigurationList section */
	};
	rootObject = FA7B649C19D3D2DC00B80B13 /* Project object */;
}
